// !$*UTF8*$!
{
	archiveVersion = 1;
	classes = {
	};
	objectVersion = 46;
	objects = {

/* Begin PBXBuildFile section */
		D42A52261E2E900F005817E1 /* VectorTestCase.swift in Sources */ = {isa = PBXBuildFile; fileRef = D42A52251E2E900F005817E1 /* VectorTestCase.swift */; };
		D42A52271E2E900F005817E1 /* VectorTestCase.swift in Sources */ = {isa = PBXBuildFile; fileRef = D42A52251E2E900F005817E1 /* VectorTestCase.swift */; };
		D42A52291E2E901B005817E1 /* MatrixTestCase.swift in Sources */ = {isa = PBXBuildFile; fileRef = D42A52281E2E901B005817E1 /* MatrixTestCase.swift */; };
		D42A522A1E2E901B005817E1 /* MatrixTestCase.swift in Sources */ = {isa = PBXBuildFile; fileRef = D42A52281E2E901B005817E1 /* MatrixTestCase.swift */; };
		D4BE470E1E2E8CB5002F69C0 /* MathKit.h in Headers */ = {isa = PBXBuildFile; fileRef = D440B6551E2E8A8600B91924 /* MathKit.h */; settings = {ATTRIBUTES = (Public, ); }; };
		D4BE470F1E2E8CBA002F69C0 /* MathKit.h in Headers */ = {isa = PBXBuildFile; fileRef = D440B6551E2E8A8600B91924 /* MathKit.h */; settings = {ATTRIBUTES = (Public, ); }; };
		D4BE47111E2E8D72002F69C0 /* Vector.swift in Sources */ = {isa = PBXBuildFile; fileRef = D4BE47101E2E8D72002F69C0 /* Vector.swift */; };
		D4BE47131E2E8D82002F69C0 /* Matrix.swift in Sources */ = {isa = PBXBuildFile; fileRef = D4BE47121E2E8D82002F69C0 /* Matrix.swift */; };
		D4BE47141E2E8D91002F69C0 /* Vector.swift in Sources */ = {isa = PBXBuildFile; fileRef = D4BE47101E2E8D72002F69C0 /* Vector.swift */; };
		D4BE47151E2E8D91002F69C0 /* Matrix.swift in Sources */ = {isa = PBXBuildFile; fileRef = D4BE47121E2E8D82002F69C0 /* Matrix.swift */; };
		D4BE47201E2E8E47002F69C0 /* MathKit.framework in Frameworks */ = {isa = PBXBuildFile; fileRef = D440B6771E2E8AD800B91924 /* MathKit.framework */; };
		D4BE472F1E2E8E52002F69C0 /* MathKit.framework in Frameworks */ = {isa = PBXBuildFile; fileRef = D440B66A1E2E8ACE00B91924 /* MathKit.framework */; };
		D4BE47361E2E8EC9002F69C0 /* Info.plist in Resources */ = {isa = PBXBuildFile; fileRef = D4BE47351E2E8EC9002F69C0 /* Info.plist */; };
/* End PBXBuildFile section */

/* Begin PBXContainerItemProxy section */
		D4BE47211E2E8E47002F69C0 /* PBXContainerItemProxy */ = {
			isa = PBXContainerItemProxy;
			containerPortal = D440B6401E2E8A5E00B91924 /* Project object */;
			proxyType = 1;
			remoteGlobalIDString = D440B6761E2E8AD800B91924;
			remoteInfo = "MathKit iOS";
		};
		D4BE47301E2E8E52002F69C0 /* PBXContainerItemProxy */ = {
			isa = PBXContainerItemProxy;
			containerPortal = D440B6401E2E8A5E00B91924 /* Project object */;
			proxyType = 1;
			remoteGlobalIDString = D440B6691E2E8ACE00B91924;
			remoteInfo = "MathKit macOS";
		};
/* End PBXContainerItemProxy section */

/* Begin PBXFileReference section */
		D42A52251E2E900F005817E1 /* VectorTestCase.swift */ = {isa = PBXFileReference; fileEncoding = 4; lastKnownFileType = sourcecode.swift; path = VectorTestCase.swift; sourceTree = "<group>"; };
		D42A52281E2E901B005817E1 /* MatrixTestCase.swift */ = {isa = PBXFileReference; fileEncoding = 4; lastKnownFileType = sourcecode.swift; path = MatrixTestCase.swift; sourceTree = "<group>"; };
		D440B6541E2E8A8600B91924 /* Info.plist */ = {isa = PBXFileReference; fileEncoding = 4; lastKnownFileType = text.plist.xml; path = Info.plist; sourceTree = "<group>"; };
		D440B6551E2E8A8600B91924 /* MathKit.h */ = {isa = PBXFileReference; fileEncoding = 4; lastKnownFileType = sourcecode.c.h; path = MathKit.h; sourceTree = "<group>"; };
		D440B66A1E2E8ACE00B91924 /* MathKit.framework */ = {isa = PBXFileReference; explicitFileType = wrapper.framework; includeInIndex = 0; path = MathKit.framework; sourceTree = BUILT_PRODUCTS_DIR; };
		D440B6771E2E8AD800B91924 /* MathKit.framework */ = {isa = PBXFileReference; explicitFileType = wrapper.framework; includeInIndex = 0; path = MathKit.framework; sourceTree = BUILT_PRODUCTS_DIR; };
		D4BE47101E2E8D72002F69C0 /* Vector.swift */ = {isa = PBXFileReference; fileEncoding = 4; lastKnownFileType = sourcecode.swift; path = Vector.swift; sourceTree = "<group>"; };
		D4BE47121E2E8D82002F69C0 /* Matrix.swift */ = {isa = PBXFileReference; fileEncoding = 4; lastKnownFileType = sourcecode.swift; path = Matrix.swift; sourceTree = "<group>"; };
		D4BE471B1E2E8E46002F69C0 /* MathKit iOS Tests.xctest */ = {isa = PBXFileReference; explicitFileType = wrapper.cfbundle; includeInIndex = 0; path = "MathKit iOS Tests.xctest"; sourceTree = BUILT_PRODUCTS_DIR; };
		D4BE472A1E2E8E52002F69C0 /* MathKit macOS Tests.xctest */ = {isa = PBXFileReference; explicitFileType = wrapper.cfbundle; includeInIndex = 0; path = "MathKit macOS Tests.xctest"; sourceTree = BUILT_PRODUCTS_DIR; };
		D4BE47351E2E8EC9002F69C0 /* Info.plist */ = {isa = PBXFileReference; fileEncoding = 4; lastKnownFileType = text.plist.xml; path = Info.plist; sourceTree = "<group>"; };
/* End PBXFileReference section */

/* Begin PBXFrameworksBuildPhase section */
		D440B6661E2E8ACE00B91924 /* Frameworks */ = {
			isa = PBXFrameworksBuildPhase;
			buildActionMask = 2147483647;
			files = (
			);
			runOnlyForDeploymentPostprocessing = 0;
		};
		D440B6731E2E8AD800B91924 /* Frameworks */ = {
			isa = PBXFrameworksBuildPhase;
			buildActionMask = 2147483647;
			files = (
			);
			runOnlyForDeploymentPostprocessing = 0;
		};
		D4BE47181E2E8E46002F69C0 /* Frameworks */ = {
			isa = PBXFrameworksBuildPhase;
			buildActionMask = 2147483647;
			files = (
				D4BE47201E2E8E47002F69C0 /* MathKit.framework in Frameworks */,
			);
			runOnlyForDeploymentPostprocessing = 0;
		};
		D4BE47271E2E8E52002F69C0 /* Frameworks */ = {
			isa = PBXFrameworksBuildPhase;
			buildActionMask = 2147483647;
			files = (
				D4BE472F1E2E8E52002F69C0 /* MathKit.framework in Frameworks */,
			);
			runOnlyForDeploymentPostprocessing = 0;
		};
/* End PBXFrameworksBuildPhase section */

/* Begin PBXGroup section */
		D42A524E1E2EA240005817E1 /* Supporting Files */ = {
			isa = PBXGroup;
			children = (
				D440B6541E2E8A8600B91924 /* Info.plist */,
				D440B6551E2E8A8600B91924 /* MathKit.h */,
			);
			name = "Supporting Files";
			sourceTree = "<group>";
		};
		D42A524F1E2EA24B005817E1 /* Supporting Files */ = {
			isa = PBXGroup;
			children = (
				D4BE47351E2E8EC9002F69C0 /* Info.plist */,
			);
			name = "Supporting Files";
			sourceTree = "<group>";
		};
		D440B63F1E2E8A5E00B91924 = {
			isa = PBXGroup;
			children = (
				D440B64B1E2E8A5E00B91924 /* Source */,
				D4BE47161E2E8DBF002F69C0 /* Tests */,
				D440B64A1E2E8A5E00B91924 /* Products */,
			);
			sourceTree = "<group>";
		};
		D440B64A1E2E8A5E00B91924 /* Products */ = {
			isa = PBXGroup;
			children = (
				D440B66A1E2E8ACE00B91924 /* MathKit.framework */,
				D440B6771E2E8AD800B91924 /* MathKit.framework */,
				D4BE471B1E2E8E46002F69C0 /* MathKit iOS Tests.xctest */,
				D4BE472A1E2E8E52002F69C0 /* MathKit macOS Tests.xctest */,
			);
			name = Products;
			sourceTree = "<group>";
		};
		D440B64B1E2E8A5E00B91924 /* Source */ = {
			isa = PBXGroup;
			children = (
				D4BE47101E2E8D72002F69C0 /* Vector.swift */,
				D4BE47121E2E8D82002F69C0 /* Matrix.swift */,
				D42A524E1E2EA240005817E1 /* Supporting Files */,
			);
			path = Source;
			sourceTree = "<group>";
		};
		D4BE47161E2E8DBF002F69C0 /* Tests */ = {
			isa = PBXGroup;
			children = (
				D42A52251E2E900F005817E1 /* VectorTestCase.swift */,
				D42A52281E2E901B005817E1 /* MatrixTestCase.swift */,
				D42A524F1E2EA24B005817E1 /* Supporting Files */,
			);
			path = Tests;
			sourceTree = "<group>";
		};
/* End PBXGroup section */

/* Begin PBXHeadersBuildPhase section */
		D440B6671E2E8ACE00B91924 /* Headers */ = {
			isa = PBXHeadersBuildPhase;
			buildActionMask = 2147483647;
			files = (
				D4BE470F1E2E8CBA002F69C0 /* MathKit.h in Headers */,
			);
			runOnlyForDeploymentPostprocessing = 0;
		};
		D440B6741E2E8AD800B91924 /* Headers */ = {
			isa = PBXHeadersBuildPhase;
			buildActionMask = 2147483647;
			files = (
				D4BE470E1E2E8CB5002F69C0 /* MathKit.h in Headers */,
			);
			runOnlyForDeploymentPostprocessing = 0;
		};
/* End PBXHeadersBuildPhase section */

/* Begin PBXNativeTarget section */
		D440B6691E2E8ACE00B91924 /* MathKit macOS */ = {
			isa = PBXNativeTarget;
			buildConfigurationList = D440B66F1E2E8ACE00B91924 /* Build configuration list for PBXNativeTarget "MathKit macOS" */;
			buildPhases = (
				D440B6651E2E8ACE00B91924 /* Sources */,
				D440B6661E2E8ACE00B91924 /* Frameworks */,
				D440B6671E2E8ACE00B91924 /* Headers */,
				D440B6681E2E8ACE00B91924 /* Resources */,
			);
			buildRules = (
			);
			dependencies = (
			);
			name = "MathKit macOS";
			productName = "MathKit macOS";
			productReference = D440B66A1E2E8ACE00B91924 /* MathKit.framework */;
			productType = "com.apple.product-type.framework";
		};
		D440B6761E2E8AD800B91924 /* MathKit iOS */ = {
			isa = PBXNativeTarget;
			buildConfigurationList = D440B67C1E2E8AD800B91924 /* Build configuration list for PBXNativeTarget "MathKit iOS" */;
			buildPhases = (
				D440B6721E2E8AD800B91924 /* Sources */,
				D440B6731E2E8AD800B91924 /* Frameworks */,
				D440B6741E2E8AD800B91924 /* Headers */,
				D440B6751E2E8AD800B91924 /* Resources */,
			);
			buildRules = (
			);
			dependencies = (
			);
			name = "MathKit iOS";
			productName = "MathKit iOS";
			productReference = D440B6771E2E8AD800B91924 /* MathKit.framework */;
			productType = "com.apple.product-type.framework";
		};
		D4BE471A1E2E8E46002F69C0 /* MathKit iOS Tests */ = {
			isa = PBXNativeTarget;
			buildConfigurationList = D4BE47251E2E8E47002F69C0 /* Build configuration list for PBXNativeTarget "MathKit iOS Tests" */;
			buildPhases = (
				D4BE47171E2E8E46002F69C0 /* Sources */,
				D4BE47181E2E8E46002F69C0 /* Frameworks */,
				D4BE47191E2E8E46002F69C0 /* Resources */,
			);
			buildRules = (
			);
			dependencies = (
				D4BE47221E2E8E47002F69C0 /* PBXTargetDependency */,
			);
			name = "MathKit iOS Tests";
			productName = "MathKit iOS Tests";
			productReference = D4BE471B1E2E8E46002F69C0 /* MathKit iOS Tests.xctest */;
			productType = "com.apple.product-type.bundle.unit-test";
		};
		D4BE47291E2E8E52002F69C0 /* MathKit macOS Tests */ = {
			isa = PBXNativeTarget;
			buildConfigurationList = D4BE47321E2E8E52002F69C0 /* Build configuration list for PBXNativeTarget "MathKit macOS Tests" */;
			buildPhases = (
				D4BE47261E2E8E52002F69C0 /* Sources */,
				D4BE47271E2E8E52002F69C0 /* Frameworks */,
				D4BE47281E2E8E52002F69C0 /* Resources */,
			);
			buildRules = (
			);
			dependencies = (
				D4BE47311E2E8E52002F69C0 /* PBXTargetDependency */,
			);
			name = "MathKit macOS Tests";
			productName = "MathKit macOS Tests";
			productReference = D4BE472A1E2E8E52002F69C0 /* MathKit macOS Tests.xctest */;
			productType = "com.apple.product-type.bundle.unit-test";
		};
/* End PBXNativeTarget section */

/* Begin PBXProject section */
		D440B6401E2E8A5E00B91924 /* Project object */ = {
			isa = PBXProject;
			attributes = {
				LastSwiftUpdateCheck = 0820;
				LastUpgradeCheck = 0820;
				ORGANIZATIONNAME = "Rob Hendriks";
				TargetAttributes = {
					D440B6691E2E8ACE00B91924 = {
						CreatedOnToolsVersion = 8.2.1;
						DevelopmentTeam = QV4T55ZUBD;
						LastSwiftMigration = 0820;
						ProvisioningStyle = Automatic;
					};
					D440B6761E2E8AD800B91924 = {
						CreatedOnToolsVersion = 8.2.1;
						DevelopmentTeam = QV4T55ZUBD;
						ProvisioningStyle = Automatic;
					};
					D4BE471A1E2E8E46002F69C0 = {
						CreatedOnToolsVersion = 8.2.1;
						DevelopmentTeam = QV4T55ZUBD;
						LastSwiftMigration = 0820;
						ProvisioningStyle = Automatic;
					};
					D4BE47291E2E8E52002F69C0 = {
						CreatedOnToolsVersion = 8.2.1;
						DevelopmentTeam = QV4T55ZUBD;
						LastSwiftMigration = 0820;
						ProvisioningStyle = Automatic;
					};
				};
			};
			buildConfigurationList = D440B6431E2E8A5E00B91924 /* Build configuration list for PBXProject "MathKit" */;
			compatibilityVersion = "Xcode 3.2";
			developmentRegion = English;
			hasScannedForEncodings = 0;
			knownRegions = (
				en,
			);
			mainGroup = D440B63F1E2E8A5E00B91924;
			productRefGroup = D440B64A1E2E8A5E00B91924 /* Products */;
			projectDirPath = "";
			projectRoot = "";
			targets = (
				D440B6691E2E8ACE00B91924 /* MathKit macOS */,
				D4BE47291E2E8E52002F69C0 /* MathKit macOS Tests */,
				D440B6761E2E8AD800B91924 /* MathKit iOS */,
				D4BE471A1E2E8E46002F69C0 /* MathKit iOS Tests */,
			);
		};
/* End PBXProject section */

/* Begin PBXResourcesBuildPhase section */
		D440B6681E2E8ACE00B91924 /* Resources */ = {
			isa = PBXResourcesBuildPhase;
			buildActionMask = 2147483647;
			files = (
				D4BE47361E2E8EC9002F69C0 /* Info.plist in Resources */,
			);
			runOnlyForDeploymentPostprocessing = 0;
		};
		D440B6751E2E8AD800B91924 /* Resources */ = {
			isa = PBXResourcesBuildPhase;
			buildActionMask = 2147483647;
			files = (
			);
			runOnlyForDeploymentPostprocessing = 0;
		};
		D4BE47191E2E8E46002F69C0 /* Resources */ = {
			isa = PBXResourcesBuildPhase;
			buildActionMask = 2147483647;
			files = (
			);
			runOnlyForDeploymentPostprocessing = 0;
		};
		D4BE47281E2E8E52002F69C0 /* Resources */ = {
			isa = PBXResourcesBuildPhase;
			buildActionMask = 2147483647;
			files = (
			);
			runOnlyForDeploymentPostprocessing = 0;
		};
/* End PBXResourcesBuildPhase section */

/* Begin PBXSourcesBuildPhase section */
		D440B6651E2E8ACE00B91924 /* Sources */ = {
			isa = PBXSourcesBuildPhase;
			buildActionMask = 2147483647;
			files = (
				D4BE47131E2E8D82002F69C0 /* Matrix.swift in Sources */,
				D4BE47111E2E8D72002F69C0 /* Vector.swift in Sources */,
			);
			runOnlyForDeploymentPostprocessing = 0;
		};
		D440B6721E2E8AD800B91924 /* Sources */ = {
			isa = PBXSourcesBuildPhase;
			buildActionMask = 2147483647;
			files = (
				D4BE47141E2E8D91002F69C0 /* Vector.swift in Sources */,
				D4BE47151E2E8D91002F69C0 /* Matrix.swift in Sources */,
			);
			runOnlyForDeploymentPostprocessing = 0;
		};
		D4BE47171E2E8E46002F69C0 /* Sources */ = {
			isa = PBXSourcesBuildPhase;
			buildActionMask = 2147483647;
			files = (
				D42A522A1E2E901B005817E1 /* MatrixTestCase.swift in Sources */,
				D42A52271E2E900F005817E1 /* VectorTestCase.swift in Sources */,
			);
			runOnlyForDeploymentPostprocessing = 0;
		};
		D4BE47261E2E8E52002F69C0 /* Sources */ = {
			isa = PBXSourcesBuildPhase;
			buildActionMask = 2147483647;
			files = (
				D42A52291E2E901B005817E1 /* MatrixTestCase.swift in Sources */,
				D42A52261E2E900F005817E1 /* VectorTestCase.swift in Sources */,
			);
			runOnlyForDeploymentPostprocessing = 0;
		};
/* End PBXSourcesBuildPhase section */

/* Begin PBXTargetDependency section */
		D4BE47221E2E8E47002F69C0 /* PBXTargetDependency */ = {
			isa = PBXTargetDependency;
			target = D440B6761E2E8AD800B91924 /* MathKit iOS */;
			targetProxy = D4BE47211E2E8E47002F69C0 /* PBXContainerItemProxy */;
		};
		D4BE47311E2E8E52002F69C0 /* PBXTargetDependency */ = {
			isa = PBXTargetDependency;
			target = D440B6691E2E8ACE00B91924 /* MathKit macOS */;
			targetProxy = D4BE47301E2E8E52002F69C0 /* PBXContainerItemProxy */;
		};
/* End PBXTargetDependency section */

/* Begin XCBuildConfiguration section */
		D440B64F1E2E8A5E00B91924 /* Debug */ = {
			isa = XCBuildConfiguration;
			buildSettings = {
				ALWAYS_SEARCH_USER_PATHS = NO;
				CLANG_ANALYZER_NONNULL = YES;
				CLANG_CXX_LANGUAGE_STANDARD = "gnu++0x";
				CLANG_CXX_LIBRARY = "libc++";
				CLANG_ENABLE_MODULES = YES;
				CLANG_ENABLE_OBJC_ARC = YES;
				CLANG_WARN_BOOL_CONVERSION = YES;
				CLANG_WARN_CONSTANT_CONVERSION = YES;
				CLANG_WARN_DIRECT_OBJC_ISA_USAGE = YES_ERROR;
				CLANG_WARN_DOCUMENTATION_COMMENTS = YES;
				CLANG_WARN_EMPTY_BODY = YES;
				CLANG_WARN_ENUM_CONVERSION = YES;
				CLANG_WARN_INFINITE_RECURSION = YES;
				CLANG_WARN_INT_CONVERSION = YES;
				CLANG_WARN_OBJC_ROOT_CLASS = YES_ERROR;
				CLANG_WARN_SUSPICIOUS_MOVE = YES;
				CLANG_WARN_UNREACHABLE_CODE = YES;
				CLANG_WARN__DUPLICATE_METHOD_MATCH = YES;
				CODE_SIGN_IDENTITY = "-";
				COPY_PHASE_STRIP = NO;
				CURRENT_PROJECT_VERSION = 1;
				DEBUG_INFORMATION_FORMAT = dwarf;
				ENABLE_STRICT_OBJC_MSGSEND = YES;
				ENABLE_TESTABILITY = YES;
				GCC_C_LANGUAGE_STANDARD = gnu99;
				GCC_DYNAMIC_NO_PIC = NO;
				GCC_NO_COMMON_BLOCKS = YES;
				GCC_OPTIMIZATION_LEVEL = 0;
				GCC_PREPROCESSOR_DEFINITIONS = (
					"DEBUG=1",
					"$(inherited)",
				);
				GCC_WARN_64_TO_32_BIT_CONVERSION = YES;
				GCC_WARN_ABOUT_RETURN_TYPE = YES_ERROR;
				GCC_WARN_UNDECLARED_SELECTOR = YES;
				GCC_WARN_UNINITIALIZED_AUTOS = YES_AGGRESSIVE;
				GCC_WARN_UNUSED_FUNCTION = YES;
				GCC_WARN_UNUSED_VARIABLE = YES;
				MACOSX_DEPLOYMENT_TARGET = 10.12;
				MTL_ENABLE_DEBUG_INFO = YES;
				ONLY_ACTIVE_ARCH = YES;
				PRODUCT_NAME = MathKit;
				SDKROOT = macosx;
				SWIFT_ACTIVE_COMPILATION_CONDITIONS = DEBUG;
				SWIFT_OPTIMIZATION_LEVEL = "-Onone";
				VERSIONING_SYSTEM = "apple-generic";
				VERSION_INFO_PREFIX = "";
			};
			name = Debug;
		};
		D440B6501E2E8A5E00B91924 /* Release */ = {
			isa = XCBuildConfiguration;
			buildSettings = {
				ALWAYS_SEARCH_USER_PATHS = NO;
				CLANG_ANALYZER_NONNULL = YES;
				CLANG_CXX_LANGUAGE_STANDARD = "gnu++0x";
				CLANG_CXX_LIBRARY = "libc++";
				CLANG_ENABLE_MODULES = YES;
				CLANG_ENABLE_OBJC_ARC = YES;
				CLANG_WARN_BOOL_CONVERSION = YES;
				CLANG_WARN_CONSTANT_CONVERSION = YES;
				CLANG_WARN_DIRECT_OBJC_ISA_USAGE = YES_ERROR;
				CLANG_WARN_DOCUMENTATION_COMMENTS = YES;
				CLANG_WARN_EMPTY_BODY = YES;
				CLANG_WARN_ENUM_CONVERSION = YES;
				CLANG_WARN_INFINITE_RECURSION = YES;
				CLANG_WARN_INT_CONVERSION = YES;
				CLANG_WARN_OBJC_ROOT_CLASS = YES_ERROR;
				CLANG_WARN_SUSPICIOUS_MOVE = YES;
				CLANG_WARN_UNREACHABLE_CODE = YES;
				CLANG_WARN__DUPLICATE_METHOD_MATCH = YES;
				CODE_SIGN_IDENTITY = "-";
				COPY_PHASE_STRIP = NO;
				CURRENT_PROJECT_VERSION = 1;
				DEBUG_INFORMATION_FORMAT = "dwarf-with-dsym";
				ENABLE_NS_ASSERTIONS = NO;
				ENABLE_STRICT_OBJC_MSGSEND = YES;
				GCC_C_LANGUAGE_STANDARD = gnu99;
				GCC_NO_COMMON_BLOCKS = YES;
				GCC_WARN_64_TO_32_BIT_CONVERSION = YES;
				GCC_WARN_ABOUT_RETURN_TYPE = YES_ERROR;
				GCC_WARN_UNDECLARED_SELECTOR = YES;
				GCC_WARN_UNINITIALIZED_AUTOS = YES_AGGRESSIVE;
				GCC_WARN_UNUSED_FUNCTION = YES;
				GCC_WARN_UNUSED_VARIABLE = YES;
				MACOSX_DEPLOYMENT_TARGET = 10.12;
				MTL_ENABLE_DEBUG_INFO = NO;
				PRODUCT_NAME = MathKit;
				SDKROOT = macosx;
				SWIFT_OPTIMIZATION_LEVEL = "-Owholemodule";
				VERSIONING_SYSTEM = "apple-generic";
				VERSION_INFO_PREFIX = "";
			};
			name = Release;
		};
		D440B6701E2E8ACE00B91924 /* Debug */ = {
			isa = XCBuildConfiguration;
			buildSettings = {
				CLANG_ENABLE_MODULES = YES;
				CODE_SIGN_IDENTITY = "Mac Developer";
				COMBINE_HIDPI_IMAGES = YES;
				DEFINES_MODULE = YES;
				DEVELOPMENT_TEAM = QV4T55ZUBD;
				DYLIB_COMPATIBILITY_VERSION = 1;
				DYLIB_CURRENT_VERSION = 1;
				DYLIB_INSTALL_NAME_BASE = "@rpath";
				FRAMEWORK_VERSION = A;
				INFOPLIST_FILE = "$(SRCROOT)/Source/Info.plist";
				INSTALL_PATH = "$(LOCAL_LIBRARY_DIR)/Frameworks";
				LD_RUNPATH_SEARCH_PATHS = "$(inherited) @executable_path/../Frameworks @loader_path/Frameworks";
				PRODUCT_BUNDLE_IDENTIFIER = nl.robhendriks.MathKit;
				PRODUCT_NAME = MathKit;
				SKIP_INSTALL = YES;
				SWIFT_OPTIMIZATION_LEVEL = "-Onone";
				SWIFT_VERSION = 3.0;
			};
			name = Debug;
		};
		D440B6711E2E8ACE00B91924 /* Release */ = {
			isa = XCBuildConfiguration;
			buildSettings = {
				CLANG_ENABLE_MODULES = YES;
				CODE_SIGN_IDENTITY = "Mac Developer";
				COMBINE_HIDPI_IMAGES = YES;
				DEFINES_MODULE = YES;
				DEVELOPMENT_TEAM = QV4T55ZUBD;
				DYLIB_COMPATIBILITY_VERSION = 1;
				DYLIB_CURRENT_VERSION = 1;
				DYLIB_INSTALL_NAME_BASE = "@rpath";
				FRAMEWORK_VERSION = A;
				INFOPLIST_FILE = "$(SRCROOT)/Source/Info.plist";
				INSTALL_PATH = "$(LOCAL_LIBRARY_DIR)/Frameworks";
				LD_RUNPATH_SEARCH_PATHS = "$(inherited) @executable_path/../Frameworks @loader_path/Frameworks";
				PRODUCT_BUNDLE_IDENTIFIER = nl.robhendriks.MathKit;
				PRODUCT_NAME = MathKit;
				SKIP_INSTALL = YES;
				SWIFT_VERSION = 3.0;
			};
			name = Release;
		};
		D440B67D1E2E8AD800B91924 /* Debug */ = {
			isa = XCBuildConfiguration;
			buildSettings = {
				CODE_SIGN_IDENTITY = "";
				"CODE_SIGN_IDENTITY[sdk=iphoneos*]" = "iPhone Developer";
				DEFINES_MODULE = YES;
				DEVELOPMENT_TEAM = QV4T55ZUBD;
				DYLIB_COMPATIBILITY_VERSION = 1;
				DYLIB_CURRENT_VERSION = 1;
				DYLIB_INSTALL_NAME_BASE = "@rpath";
				INFOPLIST_FILE = "$(SRCROOT)/Source/Info.plist";
				INSTALL_PATH = "$(LOCAL_LIBRARY_DIR)/Frameworks";
				IPHONEOS_DEPLOYMENT_TARGET = 10.2;
				LD_RUNPATH_SEARCH_PATHS = "$(inherited) @executable_path/Frameworks @loader_path/Frameworks";
				PRODUCT_BUNDLE_IDENTIFIER = nl.robhendriks.MathKit;
				PRODUCT_NAME = MathKit;
				SDKROOT = iphoneos;
				SKIP_INSTALL = YES;
				SWIFT_VERSION = 3.0;
				TARGETED_DEVICE_FAMILY = "1,2";
			};
			name = Debug;
		};
		D440B67E1E2E8AD800B91924 /* Release */ = {
			isa = XCBuildConfiguration;
			buildSettings = {
				CODE_SIGN_IDENTITY = "";
				"CODE_SIGN_IDENTITY[sdk=iphoneos*]" = "iPhone Developer";
				DEFINES_MODULE = YES;
				DEVELOPMENT_TEAM = QV4T55ZUBD;
				DYLIB_COMPATIBILITY_VERSION = 1;
				DYLIB_CURRENT_VERSION = 1;
				DYLIB_INSTALL_NAME_BASE = "@rpath";
				INFOPLIST_FILE = "$(SRCROOT)/Source/Info.plist";
				INSTALL_PATH = "$(LOCAL_LIBRARY_DIR)/Frameworks";
				IPHONEOS_DEPLOYMENT_TARGET = 10.2;
				LD_RUNPATH_SEARCH_PATHS = "$(inherited) @executable_path/Frameworks @loader_path/Frameworks";
				PRODUCT_BUNDLE_IDENTIFIER = nl.robhendriks.MathKit;
				PRODUCT_NAME = MathKit;
				SDKROOT = iphoneos;
				SKIP_INSTALL = YES;
				SWIFT_VERSION = 3.0;
				TARGETED_DEVICE_FAMILY = "1,2";
				VALIDATE_PRODUCT = YES;
			};
			name = Release;
		};
		D4BE47231E2E8E47002F69C0 /* Debug */ = {
			isa = XCBuildConfiguration;
			buildSettings = {
				CLANG_ENABLE_MODULES = YES;
				"CODE_SIGN_IDENTITY[sdk=iphoneos*]" = "iPhone Developer";
				DEVELOPMENT_TEAM = QV4T55ZUBD;
				INFOPLIST_FILE = Tests/Info.plist;
				IPHONEOS_DEPLOYMENT_TARGET = 10.2;
				LD_RUNPATH_SEARCH_PATHS = "$(inherited) @executable_path/Frameworks @loader_path/Frameworks";
				PRODUCT_BUNDLE_IDENTIFIER = "nl.robhendriks.MathKit-iOS-Tests";
				PRODUCT_NAME = "$(TARGET_NAME)";
				SDKROOT = iphoneos;
				SWIFT_OPTIMIZATION_LEVEL = "-Onone";
				SWIFT_VERSION = 3.0;
			};
			name = Debug;
		};
		D4BE47241E2E8E47002F69C0 /* Release */ = {
			isa = XCBuildConfiguration;
			buildSettings = {
				CLANG_ENABLE_MODULES = YES;
				"CODE_SIGN_IDENTITY[sdk=iphoneos*]" = "iPhone Developer";
				DEVELOPMENT_TEAM = QV4T55ZUBD;
				INFOPLIST_FILE = Tests/Info.plist;
				IPHONEOS_DEPLOYMENT_TARGET = 10.2;
				LD_RUNPATH_SEARCH_PATHS = "$(inherited) @executable_path/Frameworks @loader_path/Frameworks";
				PRODUCT_BUNDLE_IDENTIFIER = "nl.robhendriks.MathKit-iOS-Tests";
				PRODUCT_NAME = "$(TARGET_NAME)";
				SDKROOT = iphoneos;
				SWIFT_VERSION = 3.0;
				VALIDATE_PRODUCT = YES;
			};
			name = Release;
		};
		D4BE47331E2E8E52002F69C0 /* Debug */ = {
			isa = XCBuildConfiguration;
			buildSettings = {
				CLANG_ENABLE_MODULES = YES;
				COMBINE_HIDPI_IMAGES = YES;
				DEVELOPMENT_TEAM = QV4T55ZUBD;
				INFOPLIST_FILE = Tests/Info.plist;
				LD_RUNPATH_SEARCH_PATHS = "$(inherited) @executable_path/../Frameworks @loader_path/../Frameworks";
				PRODUCT_BUNDLE_IDENTIFIER = "nl.robhendriks.MathKit-macOS-Tests";
				PRODUCT_NAME = "$(TARGET_NAME)";
				SWIFT_OPTIMIZATION_LEVEL = "-Onone";
				SWIFT_VERSION = 3.0;
			};
			name = Debug;
		};
		D4BE47341E2E8E52002F69C0 /* Release */ = {
			isa = XCBuildConfiguration;
			buildSettings = {
				CLANG_ENABLE_MODULES = YES;
				COMBINE_HIDPI_IMAGES = YES;
				DEVELOPMENT_TEAM = QV4T55ZUBD;
				INFOPLIST_FILE = Tests/Info.plist;
				LD_RUNPATH_SEARCH_PATHS = "$(inherited) @executable_path/../Frameworks @loader_path/../Frameworks";
				PRODUCT_BUNDLE_IDENTIFIER = "nl.robhendriks.MathKit-macOS-Tests";
				PRODUCT_NAME = "$(TARGET_NAME)";
				SWIFT_VERSION = 3.0;
			};
			name = Release;
		};
/* End XCBuildConfiguration section */

/* Begin XCConfigurationList section */
		D440B6431E2E8A5E00B91924 /* Build configuration list for PBXProject "MathKit" */ = {
			isa = XCConfigurationList;
			buildConfigurations = (
				D440B64F1E2E8A5E00B91924 /* Debug */,
				D440B6501E2E8A5E00B91924 /* Release */,
			);
			defaultConfigurationIsVisible = 0;
			defaultConfigurationName = Release;
		};
		D440B66F1E2E8ACE00B91924 /* Build configuration list for PBXNativeTarget "MathKit macOS" */ = {
			isa = XCConfigurationList;
			buildConfigurations = (
				D440B6701E2E8ACE00B91924 /* Debug */,
				D440B6711E2E8ACE00B91924 /* Release */,
			);
			defaultConfigurationIsVisible = 0;
			defaultConfigurationName = Release;
		};
		D440B67C1E2E8AD800B91924 /* Build configuration list for PBXNativeTarget "MathKit iOS" */ = {
			isa = XCConfigurationList;
			buildConfigurations = (
				D440B67D1E2E8AD800B91924 /* Debug */,
				D440B67E1E2E8AD800B91924 /* Release */,
			);
			defaultConfigurationIsVisible = 0;
			defaultConfigurationName = Release;
		};
		D4BE47251E2E8E47002F69C0 /* Build configuration list for PBXNativeTarget "MathKit iOS Tests" */ = {
			isa = XCConfigurationList;
			buildConfigurations = (
				D4BE47231E2E8E47002F69C0 /* Debug */,
				D4BE47241E2E8E47002F69C0 /* Release */,
			);
			defaultConfigurationIsVisible = 0;
			defaultConfigurationName = Release;
		};
		D4BE47321E2E8E52002F69C0 /* Build configuration list for PBXNativeTarget "MathKit macOS Tests" */ = {
			isa = XCConfigurationList;
			buildConfigurations = (
				D4BE47331E2E8E52002F69C0 /* Debug */,
				D4BE47341E2E8E52002F69C0 /* Release */,
			);
			defaultConfigurationIsVisible = 0;
			defaultConfigurationName = Release;
		};
/* End XCConfigurationList section */
	};
	rootObject = D440B6401E2E8A5E00B91924 /* Project object */;
}
